
Microsoft Visual Studio Solution File, Format Version 12.00
# Visual Studio 15
VisualStudioVersion = 15.0.28307.1082
MinimumVisualStudioVersion = 10.0.40219.1
Project("{FAE04EC0-301F-11D3-BF4B-00C04F79EFBC}") = "kozyachaya_coursework", "kozyachaya_coursework\kozyachaya_coursework.csproj", "{D4B77FFE-E038-4BF7-9827-C3200FA4288C}"
EndProject
Global
	GlobalSection(SolutionConfigurationPlatforms) = preSolution
		Debug|Any CPU = Debug|Any CPU
		Release|Any CPU = Release|Any CPU
	EndGlobalSection
	GlobalSection(ProjectConfigurationPlatforms) = postSolution
		{D4B77FFE-E038-4BF7-9827-C3200FA4288C}.Debug|Any CPU.ActiveCfg = Debug|Any CPU
		{D4B77FFE-E038-4BF7-9827-C3200FA4288C}.Debug|Any CPU.Build.0 = Debug|Any CPU
		{D4B77FFE-E038-4BF7-9827-C3200FA4288C}.Release|Any CPU.ActiveCfg = Release|Any CPU
		{D4B77FFE-E038-4BF7-9827-C3200FA4288C}.Release|Any CPU.Build.0 = Release|Any CPU
	EndGlobalSection
	GlobalSection(SolutionProperties) = preSolution
		HideSolutionNode = FALSE
	EndGlobalSection
	GlobalSection(ExtensibilityGlobals) = postSolution
		SolutionGuid = {CFA3075B-6A65-43F9-BB1F-BF82AD28240B}
	EndGlobalSection
EndGlobal
